
Microsoft Visual Studio Solution File, Format Version 12.00
# Visual Studio 15
VisualStudioVersion = 15.0.28307.902
MinimumVisualStudioVersion = 10.0.40219.1
Project("{FAE04EC0-301F-11D3-BF4B-00C04F79EFBC}") = "firstMvcProject", "firstMvcProject\firstMvcProject.csproj", "{B7E7B659-5336-4D09-ABBA-F74CCE8FA9D4}"
EndProject
Global
	GlobalSection(SolutionConfigurationPlatforms) = preSolution
		Debug|Any CPU = Debug|Any CPU
		Release|Any CPU = Release|Any CPU
	EndGlobalSection
	GlobalSection(ProjectConfigurationPlatforms) = postSolution
		{B7E7B659-5336-4D09-ABBA-F74CCE8FA9D4}.Debug|Any CPU.ActiveCfg = Debug|Any CPU
		{B7E7B659-5336-4D09-ABBA-F74CCE8FA9D4}.Debug|Any CPU.Build.0 = Debug|Any CPU
		{B7E7B659-5336-4D09-ABBA-F74CCE8FA9D4}.Release|Any CPU.ActiveCfg = Release|Any CPU
		{B7E7B659-5336-4D09-ABBA-F74CCE8FA9D4}.Release|Any CPU.Build.0 = Release|Any CPU
	EndGlobalSection
	GlobalSection(SolutionProperties) = preSolution
		HideSolutionNode = FALSE
	EndGlobalSection
	GlobalSection(ExtensibilityGlobals) = postSolution
		SolutionGuid = {23B274C5-4DA4-4979-A0C7-0027ED08AF1B}
	EndGlobalSection
EndGlobal
